
Microsoft Visual Studio Solution File, Format Version 12.00
# Visual Studio Version 17
VisualStudioVersion = 17.5.002.0
MinimumVisualStudioVersion = 10.0.40219.1
Project("{9A19103F-16F7-4668-BE54-9A1E7A4F7556}") = "BarbeariaProjeto", "BarbeariaProjeto.csproj", "{8FA3AE9D-DE9B-4B56-8B6C-32C31D53015F}"
EndProject
Global
	GlobalSection(SolutionConfigurationPlatforms) = preSolution
		Debug|Any CPU = Debug|Any CPU
		Release|Any CPU = Release|Any CPU
	EndGlobalSection
	GlobalSection(ProjectConfigurationPlatforms) = postSolution
		{8FA3AE9D-DE9B-4B56-8B6C-32C31D53015F}.Debug|Any CPU.ActiveCfg = Debug|Any CPU
		{8FA3AE9D-DE9B-4B56-8B6C-32C31D53015F}.Debug|Any CPU.Build.0 = Debug|Any CPU
		{8FA3AE9D-DE9B-4B56-8B6C-32C31D53015F}.Release|Any CPU.ActiveCfg = Release|Any CPU
		{8FA3AE9D-DE9B-4B56-8B6C-32C31D53015F}.Release|Any CPU.Build.0 = Release|Any CPU
	EndGlobalSection
	GlobalSection(SolutionProperties) = preSolution
		HideSolutionNode = FALSE
	EndGlobalSection
	GlobalSection(ExtensibilityGlobals) = postSolution
		SolutionGuid = {3ECE30A1-D37C-4E9C-AEAC-8E6B3F8CBD93}
	EndGlobalSection
EndGlobal
